{
  "name": "js",
  "lockfileVersion": 2,
  "requires": true,
  "packages": {
    "": {
      "name": "js",
      "dependencies": {
        "mysql2": "^3.10.0"
      },
      "devDependencies": {
        "@types/node": "^20.14.2",
        "bun": "latest",
        "bun-types": "latest"
      },
      "peerDependencies": {
        "typescript": "^5.0.0"
      }
    },
    "node_modules/@oven/bun-darwin-aarch64": {
      "version": "1.1.12",
      "resolved": "https://registry.npmjs.org/@oven/bun-darwin-aarch64/-/bun-darwin-aarch64-1.1.12.tgz",
      "integrity": "sha512-g8nmDXIYDmbEnP6moX3ZTS5BsikX8dz/XB0PAfL+LEBJEGECyor2Hv1yvhGQfeR1/lvfSXsWnk0Hhk9Mrj6uoQ==",
      "cpu": [
        "arm64"
      ],
      "dev": true,
      "optional": true,
      "os": [
        "darwin"
      ]
    },
    "node_modules/@oven/bun-darwin-x64": {
      "version": "1.1.12",
      "resolved": "https://registry.npmjs.org/@oven/bun-darwin-x64/-/bun-darwin-x64-1.1.12.tgz",
      "integrity": "sha512-XWL6atcLxyh4KgOlqqyHUOh4Ylm46CExipJmAdKs30gyYqbw3E+HTFhADsyFEtugOe0qPUNlo0aMo+ZMc1yIQA==",
      "cpu": [
        "x64"
      ],
      "dev": true,
      "optional": true,
      "os": [
        "darwin"
      ]
    },
    "node_modules/@oven/bun-darwin-x64-baseline": {
      "version": "1.1.12",
      "resolved": "https://registry.npmjs.org/@oven/bun-darwin-x64-baseline/-/bun-darwin-x64-baseline-1.1.12.tgz",
      "integrity": "sha512-KXBwaeD9y4GuxSqC1uDNIktTC/jY2DtagiURuUOF1rniYxkkLRNgXotTvVA5NvP2PBCoWyrxZ67WJSBm0AIyjQ==",
      "cpu": [
        "x64"
      ],
      "dev": true,
      "optional": true,
      "os": [
        "darwin"
      ]
    },
    "node_modules/@oven/bun-linux-aarch64": {
      "version": "1.1.12",
      "resolved": "https://registry.npmjs.org/@oven/bun-linux-aarch64/-/bun-linux-aarch64-1.1.12.tgz",
      "integrity": "sha512-6Jen4+b5BzInF7bbRjMIWoy3xIuK/kQQn9xehvrAYnr3J9p3vCD5VhzDP20hW9yQcmZtO2kE6pIYCbaaxPNKtg==",
      "cpu": [
        "arm64"
      ],
      "dev": true,
      "optional": true,
      "os": [
        "linux"
      ]
    },
    "node_modules/@oven/bun-linux-x64": {
      "version": "1.1.12",
      "resolved": "https://registry.npmjs.org/@oven/bun-linux-x64/-/bun-linux-x64-1.1.12.tgz",
      "integrity": "sha512-X4dqnIOv4M9HAL4tAj9bb14WjsfKby5xWNV/otUxtfSDsDrV2ukYUekivEmHqchxHFUHOHyc/cv+/jtfvedDZg==",
      "cpu": [
        "x64"
      ],
      "dev": true,
      "optional": true,
      "os": [
        "linux"
      ]
    },
    "node_modules/@oven/bun-linux-x64-baseline": {
      "version": "1.1.12",
      "resolved": "https://registry.npmjs.org/@oven/bun-linux-x64-baseline/-/bun-linux-x64-baseline-1.1.12.tgz",
      "integrity": "sha512-luwWf/QGMJ23+yIRBMDnhjYuxh9zXy+Vw4lAzwvLB7phYXCs7IPEhIhZxhcZQ3XMafWtHlWAVo5P6NZZdFRMUQ==",
      "cpu": [
        "x64"
      ],
      "dev": true,
      "optional": true,
      "os": [
        "linux"
      ]
    },
    "node_modules/@oven/bun-windows-x64": {
      "version": "1.1.12",
      "resolved": "https://registry.npmjs.org/@oven/bun-windows-x64/-/bun-windows-x64-1.1.12.tgz",
      "integrity": "sha512-ufvTeXXI9tJSJUhvdPnFUmGqCNBKBazEwjvQ5c8vhtZ8hdBHV54LoURVDIBYCgzfdv5NQT3sr8qRLFqy4mlMLg==",
      "cpu": [
        "x64"
      ],
      "dev": true,
      "optional": true,
      "os": [
        "win32"
      ]
    },
    "node_modules/@oven/bun-windows-x64-baseline": {
      "version": "1.1.12",
      "resolved": "https://registry.npmjs.org/@oven/bun-windows-x64-baseline/-/bun-windows-x64-baseline-1.1.12.tgz",
      "integrity": "sha512-MRn+zcJO1hcVqwJmFxpUSdb6ZvrYC8Xp2N1fPOzdw3YSskz9iHkJuUKzx7s9iCC7jTpo6XI/H51EFr/M2U7Ipg==",
      "cpu": [
        "x64"
      ],
      "dev": true,
      "optional": true,
      "os": [
        "win32"
      ]
    },
    "node_modules/@types/node": {
      "version": "20.14.2",
      "resolved": "https://registry.npmjs.org/@types/node/-/node-20.14.2.tgz",
      "integrity": "sha512-xyu6WAMVwv6AKFLB+e/7ySZVr/0zLCzOa7rSpq6jNwpqOrUbcACDWC+53d4n2QHOnDou0fbIsg8wZu/sxrnI4Q==",
      "dev": true,
      "dependencies": {
        "undici-types": "~5.26.4"
      }
    },
    "node_modules/@types/ws": {
      "version": "8.5.10",
      "dev": true,
      "license": "MIT",
      "dependencies": {
        "@types/node": "*"
      }
    },
    "node_modules/bun": {
      "version": "1.1.12",
      "resolved": "https://registry.npmjs.org/bun/-/bun-1.1.12.tgz",
      "integrity": "sha512-NZzeZuZk7VwCs8VAXnXUHCPOlTS/IyHCscChtT1M1FLSwhBcVMsGVStYlXaaoqsinBKgp0CGJdhnJw2gR3NkDw==",
      "cpu": [
        "arm64",
        "x64"
      ],
      "dev": true,
      "hasInstallScript": true,
      "os": [
        "darwin",
        "linux",
        "win32"
      ],
      "bin": {
        "bun": "bin/bun.exe",
        "bunx": "bin/bun.exe"
      },
      "optionalDependencies": {
        "@oven/bun-darwin-aarch64": "1.1.12",
        "@oven/bun-darwin-x64": "1.1.12",
        "@oven/bun-darwin-x64-baseline": "1.1.12",
        "@oven/bun-linux-aarch64": "1.1.12",
        "@oven/bun-linux-x64": "1.1.12",
        "@oven/bun-linux-x64-baseline": "1.1.12",
        "@oven/bun-windows-x64": "1.1.12",
        "@oven/bun-windows-x64-baseline": "1.1.12"
      }
    },
    "node_modules/bun-types": {
      "version": "1.1.12",
      "resolved": "https://registry.npmjs.org/bun-types/-/bun-types-1.1.12.tgz",
      "integrity": "sha512-DIM2C9qCECwhck9nLsCDeTv943VmGMCkwX3KljjprSRDXaK2CSiUDVGbUit80Er38ukgxuESJgYPAys4FsNCdg==",
      "dev": true,
      "dependencies": {
        "@types/node": "~20.12.8",
        "@types/ws": "~8.5.10"
      }
    },
    "node_modules/bun-types/node_modules/@types/node": {
      "version": "20.12.14",
      "resolved": "https://registry.npmjs.org/@types/node/-/node-20.12.14.tgz",
      "integrity": "sha512-scnD59RpYD91xngrQQLGkE+6UrHUPzeKZWhhjBSa3HSkwjbQc38+q3RoIVEwxQGRw3M+j5hpNAM+lgV3cVormg==",
      "dev": true,
      "dependencies": {
        "undici-types": "~5.26.4"
      }
    },
    "node_modules/denque": {
      "version": "2.1.0",
      "resolved": "https://registry.npmjs.org/denque/-/denque-2.1.0.tgz",
      "integrity": "sha512-HVQE3AAb/pxF8fQAoiqpvg9i3evqug3hoiwakOyZAwJm+6vZehbkYXZ0l4JxS+I3QxM97v5aaRNhj8v5oBhekw==",
      "engines": {
        "node": ">=0.10"
      }
    },
    "node_modules/generate-function": {
      "version": "2.3.1",
      "resolved": "https://registry.npmjs.org/generate-function/-/generate-function-2.3.1.tgz",
      "integrity": "sha512-eeB5GfMNeevm/GRYq20ShmsaGcmI81kIX2K9XQx5miC8KdHaC6Jm0qQ8ZNeGOi7wYB8OsdxKs+Y2oVuTFuVwKQ==",
      "dependencies": {
        "is-property": "^1.0.2"
      }
    },
    "node_modules/iconv-lite": {
      "version": "0.6.3",
      "resolved": "https://registry.npmjs.org/iconv-lite/-/iconv-lite-0.6.3.tgz",
      "integrity": "sha512-4fCk79wshMdzMp2rH06qWrJE4iolqLhCUH+OiuIgU++RB0+94NlDL81atO7GX55uUKueo0txHNtvEyI6D7WdMw==",
      "dependencies": {
        "safer-buffer": ">= 2.1.2 < 3.0.0"
      },
      "engines": {
        "node": ">=0.10.0"
      }
    },
    "node_modules/is-property": {
      "version": "1.0.2",
      "resolved": "https://registry.npmjs.org/is-property/-/is-property-1.0.2.tgz",
      "integrity": "sha512-Ks/IoX00TtClbGQr4TWXemAnktAQvYB7HzcCxDGqEZU6oCmb2INHuOoKxbtR+HFkmYWBKv/dOZtGRiAjDhj92g=="
    },
    "node_modules/long": {
      "version": "5.2.3",
      "resolved": "https://registry.npmjs.org/long/-/long-5.2.3.tgz",
      "integrity": "sha512-lcHwpNoggQTObv5apGNCTdJrO69eHOZMi4BNC+rTLER8iHAqGrUVeLh/irVIM7zTw2bOXA8T6uNPeujwOLg/2Q=="
    },
    "node_modules/lru-cache": {
      "version": "8.0.5",
      "resolved": "https://registry.npmjs.org/lru-cache/-/lru-cache-8.0.5.tgz",
      "integrity": "sha512-MhWWlVnuab1RG5/zMRRcVGXZLCXrZTgfwMikgzCegsPnG62yDQo5JnqKkrK4jO5iKqDAZGItAqN5CtKBCBWRUA==",
      "engines": {
        "node": ">=16.14"
      }
    },
    "node_modules/mysql2": {
      "version": "3.10.0",
      "resolved": "https://registry.npmjs.org/mysql2/-/mysql2-3.10.0.tgz",
      "integrity": "sha512-qx0mfWYt1DpTPkw8mAcHW/OwqqyNqBLBHvY5IjN8+icIYTjt6znrgYJ+gxqNNRpVknb5Wc/gcCM4XjbCR0j5tw==",
      "dependencies": {
        "denque": "^2.1.0",
        "generate-function": "^2.3.1",
        "iconv-lite": "^0.6.3",
        "long": "^5.2.1",
        "lru-cache": "^8.0.0",
        "named-placeholders": "^1.1.3",
        "seq-queue": "^0.0.5",
        "sqlstring": "^2.3.2"
      },
      "engines": {
        "node": ">= 8.0"
      }
    },
    "node_modules/named-placeholders": {
      "version": "1.1.3",
      "resolved": "https://registry.npmjs.org/named-placeholders/-/named-placeholders-1.1.3.tgz",
      "integrity": "sha512-eLoBxg6wE/rZkJPhU/xRX1WTpkFEwDJEN96oxFrTsqBdbT5ec295Q+CoHrL9IT0DipqKhmGcaZmwOt8OON5x1w==",
      "dependencies": {
        "lru-cache": "^7.14.1"
      },
      "engines": {
        "node": ">=12.0.0"
      }
    },
    "node_modules/named-placeholders/node_modules/lru-cache": {
      "version": "7.18.3",
      "resolved": "https://registry.npmjs.org/lru-cache/-/lru-cache-7.18.3.tgz",
      "integrity": "sha512-jumlc0BIUrS3qJGgIkWZsyfAM7NCWiBcCDhnd+3NNM5KbBmLTgHVfWBcg6W+rLUsIpzpERPsvwUP7CckAQSOoA==",
      "engines": {
        "node": ">=12"
      }
    },
    "node_modules/safer-buffer": {
      "version": "2.1.2",
      "resolved": "https://registry.npmjs.org/safer-buffer/-/safer-buffer-2.1.2.tgz",
      "integrity": "sha512-YZo3K82SD7Riyi0E1EQPojLz7kpepnSQI9IyPbHHg1XXXevb5dJI7tpyN2ADxGcQbHG7vcyRHk0cbwqcQriUtg=="
    },
    "node_modules/seq-queue": {
      "version": "0.0.5",
      "resolved": "https://registry.npmjs.org/seq-queue/-/seq-queue-0.0.5.tgz",
      "integrity": "sha512-hr3Wtp/GZIc/6DAGPDcV4/9WoZhjrkXsi5B/07QgX8tsdc6ilr7BFM6PM6rbdAX1kFSDYeZGLipIZZKyQP0O5Q=="
    },
    "node_modules/sqlstring": {
      "version": "2.3.3",
      "resolved": "https://registry.npmjs.org/sqlstring/-/sqlstring-2.3.3.tgz",
      "integrity": "sha512-qC9iz2FlN7DQl3+wjwn3802RTyjCx7sDvfQEXchwa6CWOx07/WVfh91gBmQ9fahw8snwGEWU3xGzOt4tFyHLxg==",
      "engines": {
        "node": ">= 0.6"
      }
    },
    "node_modules/typescript": {
      "version": "5.4.5",
      "resolved": "https://registry.npmjs.org/typescript/-/typescript-5.4.5.tgz",
      "integrity": "sha512-vcI4UpRgg81oIRUFwR0WSIHKt11nJ7SAVlYNIu+QpqeyXP+gpQJy/Z4+F0aGxSE4MqwjyXvW/TzgkLAx2AGHwQ==",
      "peer": true,
      "bin": {
        "tsc": "bin/tsc",
        "tsserver": "bin/tsserver"
      },
      "engines": {
        "node": ">=14.17"
      }
    },
    "node_modules/undici-types": {
      "version": "5.26.5",
      "dev": true,
      "license": "MIT"
    }
  },
  "dependencies": {
    "@oven/bun-darwin-aarch64": {
      "version": "1.1.12",
      "resolved": "https://registry.npmjs.org/@oven/bun-darwin-aarch64/-/bun-darwin-aarch64-1.1.12.tgz",
      "integrity": "sha512-g8nmDXIYDmbEnP6moX3ZTS5BsikX8dz/XB0PAfL+LEBJEGECyor2Hv1yvhGQfeR1/lvfSXsWnk0Hhk9Mrj6uoQ==",
      "dev": true,
      "optional": true
    },
    "@oven/bun-darwin-x64": {
      "version": "1.1.12",
      "resolved": "https://registry.npmjs.org/@oven/bun-darwin-x64/-/bun-darwin-x64-1.1.12.tgz",
      "integrity": "sha512-XWL6atcLxyh4KgOlqqyHUOh4Ylm46CExipJmAdKs30gyYqbw3E+HTFhADsyFEtugOe0qPUNlo0aMo+ZMc1yIQA==",
      "dev": true,
      "optional": true
    },
    "@oven/bun-darwin-x64-baseline": {
      "version": "1.1.12",
      "resolved": "https://registry.npmjs.org/@oven/bun-darwin-x64-baseline/-/bun-darwin-x64-baseline-1.1.12.tgz",
      "integrity": "sha512-KXBwaeD9y4GuxSqC1uDNIktTC/jY2DtagiURuUOF1rniYxkkLRNgXotTvVA5NvP2PBCoWyrxZ67WJSBm0AIyjQ==",
      "dev": true,
      "optional": true
    },
    "@oven/bun-linux-aarch64": {
      "version": "1.1.12",
      "resolved": "https://registry.npmjs.org/@oven/bun-linux-aarch64/-/bun-linux-aarch64-1.1.12.tgz",
      "integrity": "sha512-6Jen4+b5BzInF7bbRjMIWoy3xIuK/kQQn9xehvrAYnr3J9p3vCD5VhzDP20hW9yQcmZtO2kE6pIYCbaaxPNKtg==",
      "dev": true,
      "optional": true
    },
    "@oven/bun-linux-x64": {
      "version": "1.1.12",
      "resolved": "https://registry.npmjs.org/@oven/bun-linux-x64/-/bun-linux-x64-1.1.12.tgz",
      "integrity": "sha512-X4dqnIOv4M9HAL4tAj9bb14WjsfKby5xWNV/otUxtfSDsDrV2ukYUekivEmHqchxHFUHOHyc/cv+/jtfvedDZg==",
      "dev": true,
      "optional": true
    },
    "@oven/bun-linux-x64-baseline": {
      "version": "1.1.12",
      "resolved": "https://registry.npmjs.org/@oven/bun-linux-x64-baseline/-/bun-linux-x64-baseline-1.1.12.tgz",
      "integrity": "sha512-luwWf/QGMJ23+yIRBMDnhjYuxh9zXy+Vw4lAzwvLB7phYXCs7IPEhIhZxhcZQ3XMafWtHlWAVo5P6NZZdFRMUQ==",
      "dev": true,
      "optional": true
    },
    "@oven/bun-windows-x64": {
      "version": "1.1.12",
      "resolved": "https://registry.npmjs.org/@oven/bun-windows-x64/-/bun-windows-x64-1.1.12.tgz",
      "integrity": "sha512-ufvTeXXI9tJSJUhvdPnFUmGqCNBKBazEwjvQ5c8vhtZ8hdBHV54LoURVDIBYCgzfdv5NQT3sr8qRLFqy4mlMLg==",
      "dev": true,
      "optional": true
    },
    "@oven/bun-windows-x64-baseline": {
      "version": "1.1.12",
      "resolved": "https://registry.npmjs.org/@oven/bun-windows-x64-baseline/-/bun-windows-x64-baseline-1.1.12.tgz",
      "integrity": "sha512-MRn+zcJO1hcVqwJmFxpUSdb6ZvrYC8Xp2N1fPOzdw3YSskz9iHkJuUKzx7s9iCC7jTpo6XI/H51EFr/M2U7Ipg==",
      "dev": true,
      "optional": true
    },
    "@types/node": {
      "version": "20.14.2",
      "resolved": "https://registry.npmjs.org/@types/node/-/node-20.14.2.tgz",
      "integrity": "sha512-xyu6WAMVwv6AKFLB+e/7ySZVr/0zLCzOa7rSpq6jNwpqOrUbcACDWC+53d4n2QHOnDou0fbIsg8wZu/sxrnI4Q==",
      "dev": true,
      "requires": {
        "undici-types": "~5.26.4"
      }
    },
    "@types/ws": {
      "version": "8.5.10",
      "dev": true,
      "requires": {
        "@types/node": "*"
      }
    },
    "bun": {
      "version": "1.1.12",
      "resolved": "https://registry.npmjs.org/bun/-/bun-1.1.12.tgz",
      "integrity": "sha512-NZzeZuZk7VwCs8VAXnXUHCPOlTS/IyHCscChtT1M1FLSwhBcVMsGVStYlXaaoqsinBKgp0CGJdhnJw2gR3NkDw==",
      "dev": true,
      "requires": {
        "@oven/bun-darwin-aarch64": "1.1.12",
        "@oven/bun-darwin-x64": "1.1.12",
        "@oven/bun-darwin-x64-baseline": "1.1.12",
        "@oven/bun-linux-aarch64": "1.1.12",
        "@oven/bun-linux-x64": "1.1.12",
        "@oven/bun-linux-x64-baseline": "1.1.12",
        "@oven/bun-windows-x64": "1.1.12",
        "@oven/bun-windows-x64-baseline": "1.1.12"
      }
    },
    "bun-types": {
      "version": "1.1.12",
      "resolved": "https://registry.npmjs.org/bun-types/-/bun-types-1.1.12.tgz",
      "integrity": "sha512-DIM2C9qCECwhck9nLsCDeTv943VmGMCkwX3KljjprSRDXaK2CSiUDVGbUit80Er38ukgxuESJgYPAys4FsNCdg==",
      "dev": true,
      "requires": {
        "@types/node": "~20.12.8",
        "@types/ws": "~8.5.10"
      },
      "dependencies": {
        "@types/node": {
          "version": "20.12.14",
          "resolved": "https://registry.npmjs.org/@types/node/-/node-20.12.14.tgz",
          "integrity": "sha512-scnD59RpYD91xngrQQLGkE+6UrHUPzeKZWhhjBSa3HSkwjbQc38+q3RoIVEwxQGRw3M+j5hpNAM+lgV3cVormg==",
          "dev": true,
          "requires": {
            "undici-types": "~5.26.4"
          }
        }
      }
    },
    "denque": {
      "version": "2.1.0",
      "resolved": "https://registry.npmjs.org/denque/-/denque-2.1.0.tgz",
      "integrity": "sha512-HVQE3AAb/pxF8fQAoiqpvg9i3evqug3hoiwakOyZAwJm+6vZehbkYXZ0l4JxS+I3QxM97v5aaRNhj8v5oBhekw=="
    },
    "generate-function": {
      "version": "2.3.1",
      "resolved": "https://registry.npmjs.org/generate-function/-/generate-function-2.3.1.tgz",
      "integrity": "sha512-eeB5GfMNeevm/GRYq20ShmsaGcmI81kIX2K9XQx5miC8KdHaC6Jm0qQ8ZNeGOi7wYB8OsdxKs+Y2oVuTFuVwKQ==",
      "requires": {
        "is-property": "^1.0.2"
      }
    },
    "iconv-lite": {
      "version": "0.6.3",
      "resolved": "https://registry.npmjs.org/iconv-lite/-/iconv-lite-0.6.3.tgz",
      "integrity": "sha512-4fCk79wshMdzMp2rH06qWrJE4iolqLhCUH+OiuIgU++RB0+94NlDL81atO7GX55uUKueo0txHNtvEyI6D7WdMw==",
      "requires": {
        "safer-buffer": ">= 2.1.2 < 3.0.0"
      }
    },
    "is-property": {
      "version": "1.0.2",
      "resolved": "https://registry.npmjs.org/is-property/-/is-property-1.0.2.tgz",
      "integrity": "sha512-Ks/IoX00TtClbGQr4TWXemAnktAQvYB7HzcCxDGqEZU6oCmb2INHuOoKxbtR+HFkmYWBKv/dOZtGRiAjDhj92g=="
    },
    "long": {
      "version": "5.2.3",
      "resolved": "https://registry.npmjs.org/long/-/long-5.2.3.tgz",
      "integrity": "sha512-lcHwpNoggQTObv5apGNCTdJrO69eHOZMi4BNC+rTLER8iHAqGrUVeLh/irVIM7zTw2bOXA8T6uNPeujwOLg/2Q=="
    },
    "lru-cache": {
      "version": "8.0.5",
      "resolved": "https://registry.npmjs.org/lru-cache/-/lru-cache-8.0.5.tgz",
      "integrity": "sha512-MhWWlVnuab1RG5/zMRRcVGXZLCXrZTgfwMikgzCegsPnG62yDQo5JnqKkrK4jO5iKqDAZGItAqN5CtKBCBWRUA=="
    },
    "mysql2": {
      "version": "3.10.0",
      "resolved": "https://registry.npmjs.org/mysql2/-/mysql2-3.10.0.tgz",
      "integrity": "sha512-qx0mfWYt1DpTPkw8mAcHW/OwqqyNqBLBHvY5IjN8+icIYTjt6znrgYJ+gxqNNRpVknb5Wc/gcCM4XjbCR0j5tw==",
      "requires": {
        "denque": "^2.1.0",
        "generate-function": "^2.3.1",
        "iconv-lite": "^0.6.3",
        "long": "^5.2.1",
        "lru-cache": "^8.0.0",
        "named-placeholders": "^1.1.3",
        "seq-queue": "^0.0.5",
        "sqlstring": "^2.3.2"
      }
    },
    "named-placeholders": {
      "version": "1.1.3",
      "resolved": "https://registry.npmjs.org/named-placeholders/-/named-placeholders-1.1.3.tgz",
      "integrity": "sha512-eLoBxg6wE/rZkJPhU/xRX1WTpkFEwDJEN96oxFrTsqBdbT5ec295Q+CoHrL9IT0DipqKhmGcaZmwOt8OON5x1w==",
      "requires": {
        "lru-cache": "^7.14.1"
      },
      "dependencies": {
        "lru-cache": {
          "version": "7.18.3",
          "resolved": "https://registry.npmjs.org/lru-cache/-/lru-cache-7.18.3.tgz",
          "integrity": "sha512-jumlc0BIUrS3qJGgIkWZsyfAM7NCWiBcCDhnd+3NNM5KbBmLTgHVfWBcg6W+rLUsIpzpERPsvwUP7CckAQSOoA=="
        }
      }
    },
    "safer-buffer": {
      "version": "2.1.2",
      "resolved": "https://registry.npmjs.org/safer-buffer/-/safer-buffer-2.1.2.tgz",
      "integrity": "sha512-YZo3K82SD7Riyi0E1EQPojLz7kpepnSQI9IyPbHHg1XXXevb5dJI7tpyN2ADxGcQbHG7vcyRHk0cbwqcQriUtg=="
    },
    "seq-queue": {
      "version": "0.0.5",
      "resolved": "https://registry.npmjs.org/seq-queue/-/seq-queue-0.0.5.tgz",
      "integrity": "sha512-hr3Wtp/GZIc/6DAGPDcV4/9WoZhjrkXsi5B/07QgX8tsdc6ilr7BFM6PM6rbdAX1kFSDYeZGLipIZZKyQP0O5Q=="
    },
    "sqlstring": {
      "version": "2.3.3",
      "resolved": "https://registry.npmjs.org/sqlstring/-/sqlstring-2.3.3.tgz",
      "integrity": "sha512-qC9iz2FlN7DQl3+wjwn3802RTyjCx7sDvfQEXchwa6CWOx07/WVfh91gBmQ9fahw8snwGEWU3xGzOt4tFyHLxg=="
    },
    "typescript": {
      "version": "5.4.5",
      "resolved": "https://registry.npmjs.org/typescript/-/typescript-5.4.5.tgz",
      "integrity": "sha512-vcI4UpRgg81oIRUFwR0WSIHKt11nJ7SAVlYNIu+QpqeyXP+gpQJy/Z4+F0aGxSE4MqwjyXvW/TzgkLAx2AGHwQ==",
      "peer": true
    },
    "undici-types": {
      "version": "5.26.5",
      "dev": true
    }
  }
}
